
Microsoft Visual Studio Solution File, Format Version 12.00
# Visual Studio Version 17
VisualStudioVersion = 17.5.33424.131
MinimumVisualStudioVersion = 10.0.40219.1
Project("{9A19103F-16F7-4668-BE54-9A1E7A4F7556}") = "Vezeeta.API", "Vezeeta.API\Vezeeta.API.csproj", "{81F07531-0FDF-4809-82EA-10772612292F}"
EndProject
Project("{9A19103F-16F7-4668-BE54-9A1E7A4F7556}") = "Vezeeta.Domain", "Vezeeta.Domain\Vezeeta.Domain.csproj", "{A261C06E-4944-4EC4-97F4-96E82D8A2ED0}"
EndProject
Project("{9A19103F-16F7-4668-BE54-9A1E7A4F7556}") = "Vezeeta.Application", "Vezeeta.Application\Vezeeta.Application.csproj", "{5AAAEAF5-247B-4053-9051-A622BFD1EE2E}"
EndProject
Project("{9A19103F-16F7-4668-BE54-9A1E7A4F7556}") = "Vezeeta.Infrastructure", "Vezeeta.Infrastructure\Vezeeta.Infrastructure.csproj", "{9683ADD9-C573-44DA-A78D-0E3526148244}"
EndProject
Global
	GlobalSection(SolutionConfigurationPlatforms) = preSolution
		Debug|Any CPU = Debug|Any CPU
		Release|Any CPU = Release|Any CPU
	EndGlobalSection
	GlobalSection(ProjectConfigurationPlatforms) = postSolution
		{81F07531-0FDF-4809-82EA-10772612292F}.Debug|Any CPU.ActiveCfg = Debug|Any CPU
		{81F07531-0FDF-4809-82EA-10772612292F}.Debug|Any CPU.Build.0 = Debug|Any CPU
		{81F07531-0FDF-4809-82EA-10772612292F}.Release|Any CPU.ActiveCfg = Release|Any CPU
		{81F07531-0FDF-4809-82EA-10772612292F}.Release|Any CPU.Build.0 = Release|Any CPU
		{A261C06E-4944-4EC4-97F4-96E82D8A2ED0}.Debug|Any CPU.ActiveCfg = Debug|Any CPU
		{A261C06E-4944-4EC4-97F4-96E82D8A2ED0}.Debug|Any CPU.Build.0 = Debug|Any CPU
		{A261C06E-4944-4EC4-97F4-96E82D8A2ED0}.Release|Any CPU.ActiveCfg = Release|Any CPU
		{A261C06E-4944-4EC4-97F4-96E82D8A2ED0}.Release|Any CPU.Build.0 = Release|Any CPU
		{5AAAEAF5-247B-4053-9051-A622BFD1EE2E}.Debug|Any CPU.ActiveCfg = Debug|Any CPU
		{5AAAEAF5-247B-4053-9051-A622BFD1EE2E}.Debug|Any CPU.Build.0 = Debug|Any CPU
		{5AAAEAF5-247B-4053-9051-A622BFD1EE2E}.Release|Any CPU.ActiveCfg = Release|Any CPU
		{5AAAEAF5-247B-4053-9051-A622BFD1EE2E}.Release|Any CPU.Build.0 = Release|Any CPU
		{9683ADD9-C573-44DA-A78D-0E3526148244}.Debug|Any CPU.ActiveCfg = Debug|Any CPU
		{9683ADD9-C573-44DA-A78D-0E3526148244}.Debug|Any CPU.Build.0 = Debug|Any CPU
		{9683ADD9-C573-44DA-A78D-0E3526148244}.Release|Any CPU.ActiveCfg = Release|Any CPU
		{9683ADD9-C573-44DA-A78D-0E3526148244}.Release|Any CPU.Build.0 = Release|Any CPU
	EndGlobalSection
	GlobalSection(SolutionProperties) = preSolution
		HideSolutionNode = FALSE
	EndGlobalSection
	GlobalSection(ExtensibilityGlobals) = postSolution
		SolutionGuid = {F90E6655-C84A-4EB9-A0C4-CE3748E9EBAC}
	EndGlobalSection
EndGlobal
